<?xml version="1.0" encoding="utf-8"?>
<Project ToolsVersion="4.0" xmlns="http://schemas.microsoft.com/developer/msbuild/2003">
  <ItemGroup>
    <Filter Include="Source Files">
      <UniqueIdentifier>{4FC737F1-C7A5-4376-A066-2A32D752A2FF}</UniqueIdentifier>
      <Extensions>cpp;c;cc;cxx;def;odl;idl;hpj;bat;asm;asmx</Extensions>
    </Filter>
    <Filter Include="Header Files">
      <UniqueIdentifier>{93995380-89BD-4b04-88EB-625FBE52EBFB}</UniqueIdentifier>
      <Extensions>h;hh;hpp;hxx;hm;inl;inc;xsd</Extensions>
    </Filter>
    <Filter Include="Resource Files">
      <UniqueIdentifier>{67DA6AB6-F800-4c08-8B7A-83BB121AAD01}</UniqueIdentifier>
      <Extensions>rc;ico;cur;bmp;dlg;rc2;rct;bin;rgs;gif;jpg;jpeg;jpe;resx;tiff;tif;png;wav;mfcribbon-ms</Extensions>
    </Filter>
  </ItemGroup>
  <ItemGroup>
    <ClCompile Include="src\main.cpp">
      <Filter>Source Files</Filter>
    </ClCompile>
    <ClCompile Include="src\mparse\ast\literal_node.cpp">
      <Filter>Source Files</Filter>
    </ClCompile>
    <ClCompile Include="src\mparse\ast\operator_nodes.cpp">
      <Filter>Source Files</Filter>
    </ClCompile>
    <ClCompile Include="src\mparse\ast\paren_node.cpp">
      <Filter>Source Files</Filter>
    </ClCompile>
    <ClCompile Include="src\mparse\ast\ast_node.cpp">
      <Filter>Source Files</Filter>
    </ClCompile>
    <ClCompile Include="src\mparse\ast\abstract_syntax_tree.cpp">
      <Filter>Source Files</Filter>
    </ClCompile>
    <ClCompile Include="src\mparse\source_stream.cpp">
      <Filter>Source Files</Filter>
    </ClCompile>
    <ClCompile Include="src\mparse\lex.cpp">
      <Filter>Source Files</Filter>
    </ClCompile>
    <ClCompile Include="src\mparse\parser.cpp">
      <Filter>Source Files</Filter>
    </ClCompile>
    <ClCompile Include="src\mparse\error.cpp">
      <Filter>Source Files</Filter>
    </ClCompile>
    <ClCompile Include="src\mparse\ast\unary_node.cpp">
      <Filter>Source Files</Filter>
    </ClCompile>
    <ClCompile Include="src\ast_dump.cpp">
      <Filter>Source Files</Filter>
    </ClCompile>
    <ClCompile Include="src\loc_printing.cpp">
      <Filter>Source Files</Filter>
    </ClCompile>
    <ClCompile Include="src\eval.cpp">
      <Filter>Source Files</Filter>
    </ClCompile>
    <ClCompile Include="src\op_strings.cpp">
      <Filter>Source Files</Filter>
    </ClCompile>
  </ItemGroup>
  <ItemGroup>
    <ClInclude Include="src\mparse\source_range.h">
      <Filter>Header Files</Filter>
    </ClInclude>
    <ClInclude Include="src\mparse\ast\ast_node.h">
      <Filter>Header Files</Filter>
    </ClInclude>
    <ClInclude Include="src\mparse\ast\ast_visitor.h">
      <Filter>Header Files</Filter>
    </ClInclude>
    <ClInclude Include="src\mparse\ast\literal_node.h">
      <Filter>Header Files</Filter>
    </ClInclude>
    <ClInclude Include="src\mparse\ast\operator_nodes.h">
      <Filter>Header Files</Filter>
    </ClInclude>
    <ClInclude Include="src\mparse\ast\paren_node.h">
      <Filter>Header Files</Filter>
    </ClInclude>
    <ClInclude Include="src\mparse\ast\abstract_syntax_tree.h">
      <Filter>Header Files</Filter>
    </ClInclude>
    <ClInclude Include="src\mparse\source_stream.h">
      <Filter>Header Files</Filter>
    </ClInclude>
    <ClInclude Include="src\mparse\lex.h">
      <Filter>Header Files</Filter>
    </ClInclude>
    <ClInclude Include="src\mparse\parser.h">
      <Filter>Header Files</Filter>
    </ClInclude>
    <ClInclude Include="src\mparse\error.h">
      <Filter>Header Files</Filter>
    </ClInclude>
    <ClInclude Include="src\mparse\ast\unary_node.h">
      <Filter>Header Files</Filter>
    </ClInclude>
    <ClInclude Include="src\ast_dump.h">
      <Filter>Header Files</Filter>
    </ClInclude>
    <ClInclude Include="src\loc_printing.h">
      <Filter>Header Files</Filter>
    </ClInclude>
    <ClInclude Include="src\eval.h">
      <Filter>Header Files</Filter>
    </ClInclude>
    <ClInclude Include="src\op_strings.h">
      <Filter>Header Files</Filter>
    </ClInclude>
  </ItemGroup>
</Project>